
Microsoft Visual Studio Solution File, Format Version 12.00
# Visual Studio Version 16
VisualStudioVersion = 16.0.31624.102
MinimumVisualStudioVersion = 10.0.40219.1
Project("{FAE04EC0-301F-11D3-BF4B-00C04F79EFBC}") = "WpfNotepad", "WpfNotepad\WpfNotepad.csproj", "{28B528C2-FFDF-4442-BD39-41B25374A43D}"
EndProject
Global
	GlobalSection(SolutionConfigurationPlatforms) = preSolution
		Debug|Any CPU = Debug|Any CPU
		Release|Any CPU = Release|Any CPU
	EndGlobalSection
	GlobalSection(ProjectConfigurationPlatforms) = postSolution
		{28B528C2-FFDF-4442-BD39-41B25374A43D}.Debug|Any CPU.ActiveCfg = Debug|Any CPU
		{28B528C2-FFDF-4442-BD39-41B25374A43D}.Debug|Any CPU.Build.0 = Debug|Any CPU
		{28B528C2-FFDF-4442-BD39-41B25374A43D}.Release|Any CPU.ActiveCfg = Release|Any CPU
		{28B528C2-FFDF-4442-BD39-41B25374A43D}.Release|Any CPU.Build.0 = Release|Any CPU
	EndGlobalSection
	GlobalSection(SolutionProperties) = preSolution
		HideSolutionNode = FALSE
	EndGlobalSection
	GlobalSection(ExtensibilityGlobals) = postSolution
		SolutionGuid = {788282D5-96AB-40DE-9D7D-159BD5CE3612}
	EndGlobalSection
EndGlobal
