
Microsoft Visual Studio Solution File, Format Version 12.00
# Visual Studio Version 16
VisualStudioVersion = 16.0.31624.102
MinimumVisualStudioVersion = 10.0.40219.1
Project("{FAE04EC0-301F-11D3-BF4B-00C04F79EFBC}") = "WpfEFKutyak", "WpfEFKutyak\WpfEFKutyak.csproj", "{C03664FD-47CD-4C14-9DA5-F1B743D35882}"
EndProject
Global
	GlobalSection(SolutionConfigurationPlatforms) = preSolution
		Debug|Any CPU = Debug|Any CPU
		Release|Any CPU = Release|Any CPU
	EndGlobalSection
	GlobalSection(ProjectConfigurationPlatforms) = postSolution
		{C03664FD-47CD-4C14-9DA5-F1B743D35882}.Debug|Any CPU.ActiveCfg = Debug|Any CPU
		{C03664FD-47CD-4C14-9DA5-F1B743D35882}.Debug|Any CPU.Build.0 = Debug|Any CPU
		{C03664FD-47CD-4C14-9DA5-F1B743D35882}.Release|Any CPU.ActiveCfg = Release|Any CPU
		{C03664FD-47CD-4C14-9DA5-F1B743D35882}.Release|Any CPU.Build.0 = Release|Any CPU
	EndGlobalSection
	GlobalSection(SolutionProperties) = preSolution
		HideSolutionNode = FALSE
	EndGlobalSection
	GlobalSection(ExtensibilityGlobals) = postSolution
		SolutionGuid = {C57C7DF1-D727-42AD-B75F-2C88927D4744}
	EndGlobalSection
EndGlobal
