
Microsoft Visual Studio Solution File, Format Version 12.00
# Visual Studio Version 16
VisualStudioVersion = 16.0.31624.102
MinimumVisualStudioVersion = 10.0.40219.1
Project("{FAE04EC0-301F-11D3-BF4B-00C04F79EFBC}") = "WpfLotto", "WpfLotto\WpfLotto.csproj", "{600072C9-EE9A-4EF3-8CCF-8F7FF3174D62}"
EndProject
Global
	GlobalSection(SolutionConfigurationPlatforms) = preSolution
		Debug|Any CPU = Debug|Any CPU
		Release|Any CPU = Release|Any CPU
	EndGlobalSection
	GlobalSection(ProjectConfigurationPlatforms) = postSolution
		{600072C9-EE9A-4EF3-8CCF-8F7FF3174D62}.Debug|Any CPU.ActiveCfg = Debug|Any CPU
		{600072C9-EE9A-4EF3-8CCF-8F7FF3174D62}.Debug|Any CPU.Build.0 = Debug|Any CPU
		{600072C9-EE9A-4EF3-8CCF-8F7FF3174D62}.Release|Any CPU.ActiveCfg = Release|Any CPU
		{600072C9-EE9A-4EF3-8CCF-8F7FF3174D62}.Release|Any CPU.Build.0 = Release|Any CPU
	EndGlobalSection
	GlobalSection(SolutionProperties) = preSolution
		HideSolutionNode = FALSE
	EndGlobalSection
	GlobalSection(ExtensibilityGlobals) = postSolution
		SolutionGuid = {16A949E3-B240-4829-8DBC-C8A2C0972F7B}
	EndGlobalSection
EndGlobal
