
Microsoft Visual Studio Solution File, Format Version 12.00
# Visual Studio Version 16
VisualStudioVersion = 16.0.31624.102
MinimumVisualStudioVersion = 10.0.40219.1
Project("{FAE04EC0-301F-11D3-BF4B-00C04F79EFBC}") = "Tanugy", "Tanugy\Tanugy.csproj", "{4FFC0268-B78F-4C71-92E6-21D1F5444462}"
EndProject
Global
	GlobalSection(SolutionConfigurationPlatforms) = preSolution
		Debug|Any CPU = Debug|Any CPU
		Release|Any CPU = Release|Any CPU
	EndGlobalSection
	GlobalSection(ProjectConfigurationPlatforms) = postSolution
		{4FFC0268-B78F-4C71-92E6-21D1F5444462}.Debug|Any CPU.ActiveCfg = Debug|Any CPU
		{4FFC0268-B78F-4C71-92E6-21D1F5444462}.Debug|Any CPU.Build.0 = Debug|Any CPU
		{4FFC0268-B78F-4C71-92E6-21D1F5444462}.Release|Any CPU.ActiveCfg = Release|Any CPU
		{4FFC0268-B78F-4C71-92E6-21D1F5444462}.Release|Any CPU.Build.0 = Release|Any CPU
	EndGlobalSection
	GlobalSection(SolutionProperties) = preSolution
		HideSolutionNode = FALSE
	EndGlobalSection
	GlobalSection(ExtensibilityGlobals) = postSolution
		SolutionGuid = {E30CBDC4-B905-4ED6-A722-3F01C91BF442}
	EndGlobalSection
EndGlobal
