
Microsoft Visual Studio Solution File, Format Version 12.00
# Visual Studio Version 16
VisualStudioVersion = 16.0.31624.102
MinimumVisualStudioVersion = 10.0.40219.1
Project("{FAE04EC0-301F-11D3-BF4B-00C04F79EFBC}") = "FajlkezelsGyak", "FajlkezelsGyak\FajlkezelsGyak.csproj", "{4BC00075-75F6-45FB-9147-111F377EC55A}"
EndProject
Global
	GlobalSection(SolutionConfigurationPlatforms) = preSolution
		Debug|Any CPU = Debug|Any CPU
		Release|Any CPU = Release|Any CPU
	EndGlobalSection
	GlobalSection(ProjectConfigurationPlatforms) = postSolution
		{4BC00075-75F6-45FB-9147-111F377EC55A}.Debug|Any CPU.ActiveCfg = Debug|Any CPU
		{4BC00075-75F6-45FB-9147-111F377EC55A}.Debug|Any CPU.Build.0 = Debug|Any CPU
		{4BC00075-75F6-45FB-9147-111F377EC55A}.Release|Any CPU.ActiveCfg = Release|Any CPU
		{4BC00075-75F6-45FB-9147-111F377EC55A}.Release|Any CPU.Build.0 = Release|Any CPU
	EndGlobalSection
	GlobalSection(SolutionProperties) = preSolution
		HideSolutionNode = FALSE
	EndGlobalSection
	GlobalSection(ExtensibilityGlobals) = postSolution
		SolutionGuid = {52BD70E7-BDC0-4400-8DE9-6C8C847944D4}
	EndGlobalSection
EndGlobal
